
Microsoft Visual Studio Solution File, Format Version 12.00
# Visual Studio Version 17
VisualStudioVersion = 17.9.34723.18
MinimumVisualStudioVersion = 10.0.40219.1
Project("{FAE04EC0-301F-11D3-BF4B-00C04F79EFBC}") = "AmirhanovExam", "AmirhanovExam\AmirhanovExam.csproj", "{D58992E3-5061-4483-BC8C-51750C21B0B0}"
EndProject
Global
	GlobalSection(SolutionConfigurationPlatforms) = preSolution
		Debug|Any CPU = Debug|Any CPU
		Release|Any CPU = Release|Any CPU
	EndGlobalSection
	GlobalSection(ProjectConfigurationPlatforms) = postSolution
		{D58992E3-5061-4483-BC8C-51750C21B0B0}.Debug|Any CPU.ActiveCfg = Debug|Any CPU
		{D58992E3-5061-4483-BC8C-51750C21B0B0}.Debug|Any CPU.Build.0 = Debug|Any CPU
		{D58992E3-5061-4483-BC8C-51750C21B0B0}.Release|Any CPU.ActiveCfg = Release|Any CPU
		{D58992E3-5061-4483-BC8C-51750C21B0B0}.Release|Any CPU.Build.0 = Release|Any CPU
	EndGlobalSection
	GlobalSection(SolutionProperties) = preSolution
		HideSolutionNode = FALSE
	EndGlobalSection
	GlobalSection(ExtensibilityGlobals) = postSolution
		SolutionGuid = {29E057D6-64B5-4C08-AC90-C6344D6E0DD2}
	EndGlobalSection
EndGlobal
